{
  "name": "pdfjs-dist",
  "version": "2.16.105",
  "lockfileVersion": 3,
  "requires": true,
  "packages": {
    "": {
      "name": "pdfjs-dist",
      "version": "2.16.105",
      "license": "Apache-2.0",
      "dependencies": {
        "@thednp/dommatrix": "^2.0.6",
        "web-streams-polyfill": "^3.2.1"
      },
      "peerDependencies": {
        "worker-loader": "^3.0.8"
      },
      "peerDependenciesMeta": {
        "worker-loader": {
          "optional": true
        }
      }
    },
    "node_modules/@thednp/dommatrix": {
      "version": "2.0.6",
      "resolved": "https://registry.npmjs.org/@thednp/dommatrix/-/dommatrix-2.0.6.tgz",
      "integrity": "sha512-DXQq4Rs/akYzeXYGkNy3KiJ4JoD8+SYr1QRWTXtAGoZ0+vJcyBt0aeqA1K4CxPaBaIfKdOTE+Te1HV9sAQ4I4A=="
    },
    "node_modules/web-streams-polyfill": {
      "version": "3.3.2",
      "resolved": "https://registry.npmjs.org/web-streams-polyfill/-/web-streams-polyfill-3.3.2.tgz",
      "integrity": "sha512-3pRGuxRF5gpuZc0W+EpwQRmCD7gRqcDOMt688KmdlDAgAyaB1XlN0zq2njfDNm44XVdIouE7pZ6GzbdyH47uIQ==",
      "engines": {
        "node": ">= 8"
      }
    }
  }
}
