# THIS IS AN AUTOGENERATED FILE. DO NOT EDIT THIS FILE DIRECTLY.
# yarn lockfile v1


dommatrix@^1.0.1:
  version "1.0.3"
  resolved "https://registry.yarnpkg.com/dommatrix/-/dommatrix-1.0.3.tgz#e7c18e8d6f3abdd1fef3dd4aa74c4d2e620a0525"
  integrity sha512-l32Xp/TLgWb8ReqbVJAFIvXmY7go4nTxxlWiAFyhoQw9RKEOHBZNnyGvJWqDVSPmq3Y9HlM4npqF/T6VMOXhww==

web-streams-polyfill@^3.2.1:
  version "3.2.1"
  resolved "https://registry.yarnpkg.com/web-streams-polyfill/-/web-streams-polyfill-3.2.1.tgz#71c2718c52b45fd49dbeee88634b3a60ceab42a6"
  integrity sha512-e0MO3wdXWKrLbL0DgGnUV7WHVuw9OUvL4hjgnPkIeEvESk74gAITi5G606JtZPp39cd8HA9VQzCIvA49LpPN5Q==
